
Microsoft Visual Studio Solution File, Format Version 12.00
# Visual Studio Version 16
VisualStudioVersion = 16.0.29709.97
MinimumVisualStudioVersion = 10.0.40219.1
Project("{9092AA53-FB77-4645-B42D-1CCCA6BD08BD}") = "NodejsConsoleApp1", "NodejsConsoleApp1.njsproj", "{D0544F60-AAA0-4D94-B5C3-4F4B83185B62}"
EndProject
Global
	GlobalSection(SolutionConfigurationPlatforms) = preSolution
		Debug|Any CPU = Debug|Any CPU
		Release|Any CPU = Release|Any CPU
	EndGlobalSection
	GlobalSection(ProjectConfigurationPlatforms) = postSolution
		{D0544F60-AAA0-4D94-B5C3-4F4B83185B62}.Debug|Any CPU.ActiveCfg = Debug|Any CPU
		{D0544F60-AAA0-4D94-B5C3-4F4B83185B62}.Debug|Any CPU.Build.0 = Debug|Any CPU
		{D0544F60-AAA0-4D94-B5C3-4F4B83185B62}.Release|Any CPU.ActiveCfg = Release|Any CPU
		{D0544F60-AAA0-4D94-B5C3-4F4B83185B62}.Release|Any CPU.Build.0 = Release|Any CPU
	EndGlobalSection
	GlobalSection(SolutionProperties) = preSolution
		HideSolutionNode = FALSE
	EndGlobalSection
	GlobalSection(ExtensibilityGlobals) = postSolution
		SolutionGuid = {60B66631-74EA-4DDD-9CBA-BA2DD0FCCD94}
	EndGlobalSection
EndGlobal
